
Microsoft Visual Studio Solution File, Format Version 12.00
# Visual Studio Version 16
VisualStudioVersion = 16.0.29519.181
MinimumVisualStudioVersion = 10.0.40219.1
Project("{9A19103F-16F7-4668-BE54-9A1E7A4F7556}") = "TrelloIntegration", "TrelloIntegration\TrelloIntegration.csproj", "{71E0ECFC-75E0-417A-91A2-174126FB9160}"
EndProject
Global
	GlobalSection(SolutionConfigurationPlatforms) = preSolution
		Debug|Any CPU = Debug|Any CPU
		Release|Any CPU = Release|Any CPU
	EndGlobalSection
	GlobalSection(ProjectConfigurationPlatforms) = postSolution
		{71E0ECFC-75E0-417A-91A2-174126FB9160}.Debug|Any CPU.ActiveCfg = Debug|Any CPU
		{71E0ECFC-75E0-417A-91A2-174126FB9160}.Debug|Any CPU.Build.0 = Debug|Any CPU
		{71E0ECFC-75E0-417A-91A2-174126FB9160}.Release|Any CPU.ActiveCfg = Release|Any CPU
		{71E0ECFC-75E0-417A-91A2-174126FB9160}.Release|Any CPU.Build.0 = Release|Any CPU
	EndGlobalSection
	GlobalSection(SolutionProperties) = preSolution
		HideSolutionNode = FALSE
	EndGlobalSection
	GlobalSection(ExtensibilityGlobals) = postSolution
		SolutionGuid = {A62377C9-EC67-4556-8083-BCB8E99F21AF}
	EndGlobalSection
EndGlobal
